// !$*UTF8*$!
{
	archiveVersion = 1;
	classes = {
	};
	objectVersion = 46;
	objects = {

/* Begin PBXBuildFile section */
		771A86D05E6970E618B2B634 /* Pods_VideoBackgroundViewControllerTests.framework in Frameworks */ = {isa = PBXBuildFile; fileRef = 89A6B2046ADA63351FF4E796 /* Pods_VideoBackgroundViewControllerTests.framework */; };
		83286D7E1C7C12670083CB19 /* VideoBackgroundViewController.h in Headers */ = {isa = PBXBuildFile; fileRef = 83286D7D1C7C12670083CB19 /* VideoBackgroundViewController.h */; settings = {ATTRIBUTES = (Public, ); }; };
		83286D851C7C12670083CB19 /* VideoBackgroundViewController.framework in Frameworks */ = {isa = PBXBuildFile; fileRef = 83286D7A1C7C12670083CB19 /* VideoBackgroundViewController.framework */; };
		83286D9B1C7C12AB0083CB19 /* AppDelegate.swift in Sources */ = {isa = PBXBuildFile; fileRef = 83286D9A1C7C12AB0083CB19 /* AppDelegate.swift */; };
		83286D9D1C7C12AB0083CB19 /* ViewController.swift in Sources */ = {isa = PBXBuildFile; fileRef = 83286D9C1C7C12AB0083CB19 /* ViewController.swift */; };
		83286DA01C7C12AB0083CB19 /* Main.storyboard in Resources */ = {isa = PBXBuildFile; fileRef = 83286D9E1C7C12AB0083CB19 /* Main.storyboard */; };
		83286DA21C7C12AB0083CB19 /* Assets.xcassets in Resources */ = {isa = PBXBuildFile; fileRef = 83286DA11C7C12AB0083CB19 /* Assets.xcassets */; };
		83286DA51C7C12AB0083CB19 /* LaunchScreen.storyboard in Resources */ = {isa = PBXBuildFile; fileRef = 83286DA31C7C12AB0083CB19 /* LaunchScreen.storyboard */; };
		83286DB01C7C12AB0083CB19 /* VideoBackgroundSampleTests.swift in Sources */ = {isa = PBXBuildFile; fileRef = 83286DAF1C7C12AB0083CB19 /* VideoBackgroundSampleTests.swift */; };
		83286DB91C7C18610083CB19 /* VideoBackgroundViewController.swift in Sources */ = {isa = PBXBuildFile; fileRef = 83286DB81C7C18610083CB19 /* VideoBackgroundViewController.swift */; };
		83286DBB1C7C1C660083CB19 /* VideoScalingMode.swift in Sources */ = {isa = PBXBuildFile; fileRef = 83286DBA1C7C1C660083CB19 /* VideoScalingMode.swift */; };
		837B5EF61C7C20E7007C81EE /* VideoBackgroundControllerSpec.swift in Sources */ = {isa = PBXBuildFile; fileRef = 837B5EF51C7C20E7007C81EE /* VideoBackgroundControllerSpec.swift */; };
		837B5EF81C7C2D4B007C81EE /* spotifyVideo.mp4 in Resources */ = {isa = PBXBuildFile; fileRef = 837B5EF71C7C2BD6007C81EE /* spotifyVideo.mp4 */; };
		837B5EFD1C7D8AA7007C81EE /* VideoBackgroundViewController.framework in Frameworks */ = {isa = PBXBuildFile; fileRef = 83286D7A1C7C12670083CB19 /* VideoBackgroundViewController.framework */; };
/* End PBXBuildFile section */

/* Begin PBXContainerItemProxy section */
		83286D861C7C12670083CB19 /* PBXContainerItemProxy */ = {
			isa = PBXContainerItemProxy;
			containerPortal = 83286D711C7C12670083CB19 /* Project object */;
			proxyType = 1;
			remoteGlobalIDString = 83286D791C7C12670083CB19;
			remoteInfo = VideoBackgroundViewController;
		};
		83286DAC1C7C12AB0083CB19 /* PBXContainerItemProxy */ = {
			isa = PBXContainerItemProxy;
			containerPortal = 83286D711C7C12670083CB19 /* Project object */;
			proxyType = 1;
			remoteGlobalIDString = 83286D971C7C12AB0083CB19;
			remoteInfo = VideoBackgroundSample;
		};
/* End PBXContainerItemProxy section */

/* Begin PBXFileReference section */
		09DDEEC7393C9741D7688C82 /* Pods-VideoBackgroundViewControllerTests.debug.xcconfig */ = {isa = PBXFileReference; includeInIndex = 1; lastKnownFileType = text.xcconfig; name = "Pods-VideoBackgroundViewControllerTests.debug.xcconfig"; path = "Pods/Target Support Files/Pods-VideoBackgroundViewControllerTests/Pods-VideoBackgroundViewControllerTests.debug.xcconfig"; sourceTree = "<group>"; };
		83286D7A1C7C12670083CB19 /* VideoBackgroundViewController.framework */ = {isa = PBXFileReference; explicitFileType = wrapper.framework; includeInIndex = 0; path = VideoBackgroundViewController.framework; sourceTree = BUILT_PRODUCTS_DIR; };
		83286D7D1C7C12670083CB19 /* VideoBackgroundViewController.h */ = {isa = PBXFileReference; lastKnownFileType = sourcecode.c.h; path = VideoBackgroundViewController.h; sourceTree = "<group>"; };
		83286D7F1C7C12670083CB19 /* Info.plist */ = {isa = PBXFileReference; lastKnownFileType = text.plist.xml; path = Info.plist; sourceTree = "<group>"; };
		83286D841C7C12670083CB19 /* VideoBackgroundViewControllerTests.xctest */ = {isa = PBXFileReference; explicitFileType = wrapper.cfbundle; includeInIndex = 0; path = VideoBackgroundViewControllerTests.xctest; sourceTree = BUILT_PRODUCTS_DIR; };
		83286D8B1C7C12670083CB19 /* Info.plist */ = {isa = PBXFileReference; lastKnownFileType = text.plist.xml; path = Info.plist; sourceTree = "<group>"; };
		83286D981C7C12AB0083CB19 /* VideoBackgroundSample.app */ = {isa = PBXFileReference; explicitFileType = wrapper.application; includeInIndex = 0; path = VideoBackgroundSample.app; sourceTree = BUILT_PRODUCTS_DIR; };
		83286D9A1C7C12AB0083CB19 /* AppDelegate.swift */ = {isa = PBXFileReference; lastKnownFileType = sourcecode.swift; path = AppDelegate.swift; sourceTree = "<group>"; };
		83286D9C1C7C12AB0083CB19 /* ViewController.swift */ = {isa = PBXFileReference; lastKnownFileType = sourcecode.swift; path = ViewController.swift; sourceTree = "<group>"; };
		83286D9F1C7C12AB0083CB19 /* Base */ = {isa = PBXFileReference; lastKnownFileType = file.storyboard; name = Base; path = Base.lproj/Main.storyboard; sourceTree = "<group>"; };
		83286DA11C7C12AB0083CB19 /* Assets.xcassets */ = {isa = PBXFileReference; lastKnownFileType = folder.assetcatalog; path = Assets.xcassets; sourceTree = "<group>"; };
		83286DA41C7C12AB0083CB19 /* Base */ = {isa = PBXFileReference; lastKnownFileType = file.storyboard; name = Base; path = Base.lproj/LaunchScreen.storyboard; sourceTree = "<group>"; };
		83286DA61C7C12AB0083CB19 /* Info.plist */ = {isa = PBXFileReference; lastKnownFileType = text.plist.xml; path = Info.plist; sourceTree = "<group>"; };
		83286DAB1C7C12AB0083CB19 /* VideoBackgroundSampleTests.xctest */ = {isa = PBXFileReference; explicitFileType = wrapper.cfbundle; includeInIndex = 0; path = VideoBackgroundSampleTests.xctest; sourceTree = BUILT_PRODUCTS_DIR; };
		83286DAF1C7C12AB0083CB19 /* VideoBackgroundSampleTests.swift */ = {isa = PBXFileReference; lastKnownFileType = sourcecode.swift; path = VideoBackgroundSampleTests.swift; sourceTree = "<group>"; };
		83286DB11C7C12AB0083CB19 /* Info.plist */ = {isa = PBXFileReference; lastKnownFileType = text.plist.xml; path = Info.plist; sourceTree = "<group>"; };
		83286DB81C7C18610083CB19 /* VideoBackgroundViewController.swift */ = {isa = PBXFileReference; fileEncoding = 4; lastKnownFileType = sourcecode.swift; path = VideoBackgroundViewController.swift; sourceTree = "<group>"; };
		83286DBA1C7C1C660083CB19 /* VideoScalingMode.swift */ = {isa = PBXFileReference; fileEncoding = 4; lastKnownFileType = sourcecode.swift; path = VideoScalingMode.swift; sourceTree = "<group>"; };
		837B5EF51C7C20E7007C81EE /* VideoBackgroundControllerSpec.swift */ = {isa = PBXFileReference; fileEncoding = 4; lastKnownFileType = sourcecode.swift; path = VideoBackgroundControllerSpec.swift; sourceTree = "<group>"; };
		837B5EF71C7C2BD6007C81EE /* spotifyVideo.mp4 */ = {isa = PBXFileReference; lastKnownFileType = file; path = spotifyVideo.mp4; sourceTree = "<group>"; };
		89A6B2046ADA63351FF4E796 /* Pods_VideoBackgroundViewControllerTests.framework */ = {isa = PBXFileReference; explicitFileType = wrapper.framework; includeInIndex = 0; path = Pods_VideoBackgroundViewControllerTests.framework; sourceTree = BUILT_PRODUCTS_DIR; };
		BADF30561D5765479F117D06 /* Pods-VideoBackgroundViewControllerTests.release.xcconfig */ = {isa = PBXFileReference; includeInIndex = 1; lastKnownFileType = text.xcconfig; name = "Pods-VideoBackgroundViewControllerTests.release.xcconfig"; path = "Pods/Target Support Files/Pods-VideoBackgroundViewControllerTests/Pods-VideoBackgroundViewControllerTests.release.xcconfig"; sourceTree = "<group>"; };
/* End PBXFileReference section */

/* Begin PBXFrameworksBuildPhase section */
		83286D761C7C12670083CB19 /* Frameworks */ = {
			isa = PBXFrameworksBuildPhase;
			buildActionMask = 2147483647;
			files = (
			);
			runOnlyForDeploymentPostprocessing = 0;
		};
		83286D811C7C12670083CB19 /* Frameworks */ = {
			isa = PBXFrameworksBuildPhase;
			buildActionMask = 2147483647;
			files = (
				83286D851C7C12670083CB19 /* VideoBackgroundViewController.framework in Frameworks */,
				771A86D05E6970E618B2B634 /* Pods_VideoBackgroundViewControllerTests.framework in Frameworks */,
			);
			runOnlyForDeploymentPostprocessing = 0;
		};
		83286D951C7C12AB0083CB19 /* Frameworks */ = {
			isa = PBXFrameworksBuildPhase;
			buildActionMask = 2147483647;
			files = (
				837B5EFD1C7D8AA7007C81EE /* VideoBackgroundViewController.framework in Frameworks */,
			);
			runOnlyForDeploymentPostprocessing = 0;
		};
		83286DA81C7C12AB0083CB19 /* Frameworks */ = {
			isa = PBXFrameworksBuildPhase;
			buildActionMask = 2147483647;
			files = (
			);
			runOnlyForDeploymentPostprocessing = 0;
		};
/* End PBXFrameworksBuildPhase section */

/* Begin PBXGroup section */
		3BCAACA53832F6111F153F4D /* Pods */ = {
			isa = PBXGroup;
			children = (
				09DDEEC7393C9741D7688C82 /* Pods-VideoBackgroundViewControllerTests.debug.xcconfig */,
				BADF30561D5765479F117D06 /* Pods-VideoBackgroundViewControllerTests.release.xcconfig */,
			);
			name = Pods;
			sourceTree = "<group>";
		};
		5A0A5FCD107B065271FDA294 /* Frameworks */ = {
			isa = PBXGroup;
			children = (
				89A6B2046ADA63351FF4E796 /* Pods_VideoBackgroundViewControllerTests.framework */,
			);
			name = Frameworks;
			sourceTree = "<group>";
		};
		83286D701C7C12670083CB19 = {
			isa = PBXGroup;
			children = (
				83286D7C1C7C12670083CB19 /* VideoBackgroundViewController */,
				83286D881C7C12670083CB19 /* VideoBackgroundViewControllerTests */,
				83286D991C7C12AB0083CB19 /* VideoBackgroundSample */,
				83286DAE1C7C12AB0083CB19 /* VideoBackgroundSampleTests */,
				83286D7B1C7C12670083CB19 /* Products */,
				3BCAACA53832F6111F153F4D /* Pods */,
				5A0A5FCD107B065271FDA294 /* Frameworks */,
			);
			sourceTree = "<group>";
		};
		83286D7B1C7C12670083CB19 /* Products */ = {
			isa = PBXGroup;
			children = (
				83286D7A1C7C12670083CB19 /* VideoBackgroundViewController.framework */,
				83286D841C7C12670083CB19 /* VideoBackgroundViewControllerTests.xctest */,
				83286D981C7C12AB0083CB19 /* VideoBackgroundSample.app */,
				83286DAB1C7C12AB0083CB19 /* VideoBackgroundSampleTests.xctest */,
			);
			name = Products;
			sourceTree = "<group>";
		};
		83286D7C1C7C12670083CB19 /* VideoBackgroundViewController */ = {
			isa = PBXGroup;
			children = (
				837B5EFA1C7C2FDA007C81EE /* Extensions */,
				83286D7D1C7C12670083CB19 /* VideoBackgroundViewController.h */,
				83286D7F1C7C12670083CB19 /* Info.plist */,
				83286DB81C7C18610083CB19 /* VideoBackgroundViewController.swift */,
				83286DBA1C7C1C660083CB19 /* VideoScalingMode.swift */,
			);
			path = VideoBackgroundViewController;
			sourceTree = "<group>";
		};
		83286D881C7C12670083CB19 /* VideoBackgroundViewControllerTests */ = {
			isa = PBXGroup;
			children = (
				83286D8B1C7C12670083CB19 /* Info.plist */,
				837B5EF51C7C20E7007C81EE /* VideoBackgroundControllerSpec.swift */,
			);
			path = VideoBackgroundViewControllerTests;
			sourceTree = "<group>";
		};
		83286D991C7C12AB0083CB19 /* VideoBackgroundSample */ = {
			isa = PBXGroup;
			children = (
				837B5EF71C7C2BD6007C81EE /* spotifyVideo.mp4 */,
				83286D9A1C7C12AB0083CB19 /* AppDelegate.swift */,
				83286D9C1C7C12AB0083CB19 /* ViewController.swift */,
				83286D9E1C7C12AB0083CB19 /* Main.storyboard */,
				83286DA11C7C12AB0083CB19 /* Assets.xcassets */,
				83286DA31C7C12AB0083CB19 /* LaunchScreen.storyboard */,
				83286DA61C7C12AB0083CB19 /* Info.plist */,
			);
			path = VideoBackgroundSample;
			sourceTree = "<group>";
		};
		83286DAE1C7C12AB0083CB19 /* VideoBackgroundSampleTests */ = {
			isa = PBXGroup;
			children = (
				83286DAF1C7C12AB0083CB19 /* VideoBackgroundSampleTests.swift */,
				83286DB11C7C12AB0083CB19 /* Info.plist */,
			);
			path = VideoBackgroundSampleTests;
			sourceTree = "<group>";
		};
		837B5EFA1C7C2FDA007C81EE /* Extensions */ = {
			isa = PBXGroup;
			children = (
			);
			name = Extensions;
			sourceTree = "<group>";
		};
/* End PBXGroup section */

/* Begin PBXHeadersBuildPhase section */
		83286D771C7C12670083CB19 /* Headers */ = {
			isa = PBXHeadersBuildPhase;
			buildActionMask = 2147483647;
			files = (
				83286D7E1C7C12670083CB19 /* VideoBackgroundViewController.h in Headers */,
			);
			runOnlyForDeploymentPostprocessing = 0;
		};
/* End PBXHeadersBuildPhase section */

/* Begin PBXNativeTarget section */
		83286D791C7C12670083CB19 /* VideoBackgroundViewController */ = {
			isa = PBXNativeTarget;
			buildConfigurationList = 83286D8E1C7C12670083CB19 /* Build configuration list for PBXNativeTarget "VideoBackgroundViewController" */;
			buildPhases = (
				83286D751C7C12670083CB19 /* Sources */,
				83286D761C7C12670083CB19 /* Frameworks */,
				83286D771C7C12670083CB19 /* Headers */,
				83286D781C7C12670083CB19 /* Resources */,
			);
			buildRules = (
			);
			dependencies = (
			);
			name = VideoBackgroundViewController;
			productName = VideoBackgroundViewController;
			productReference = 83286D7A1C7C12670083CB19 /* VideoBackgroundViewController.framework */;
			productType = "com.apple.product-type.framework";
		};
		83286D831C7C12670083CB19 /* VideoBackgroundViewControllerTests */ = {
			isa = PBXNativeTarget;
			buildConfigurationList = 83286D911C7C12670083CB19 /* Build configuration list for PBXNativeTarget "VideoBackgroundViewControllerTests" */;
			buildPhases = (
				61C5A16371474C0E05B212F7 /* Check Pods Manifest.lock */,
				83286D801C7C12670083CB19 /* Sources */,
				83286D811C7C12670083CB19 /* Frameworks */,
				83286D821C7C12670083CB19 /* Resources */,
				D23DED96DF6CB793F6066123 /* Embed Pods Frameworks */,
				E9C65A1AC0206CC687EB82DC /* Copy Pods Resources */,
			);
			buildRules = (
			);
			dependencies = (
				83286D871C7C12670083CB19 /* PBXTargetDependency */,
			);
			name = VideoBackgroundViewControllerTests;
			productName = VideoBackgroundViewControllerTests;
			productReference = 83286D841C7C12670083CB19 /* VideoBackgroundViewControllerTests.xctest */;
			productType = "com.apple.product-type.bundle.unit-test";
		};
		83286D971C7C12AB0083CB19 /* VideoBackgroundSample */ = {
			isa = PBXNativeTarget;
			buildConfigurationList = 83286DB21C7C12AB0083CB19 /* Build configuration list for PBXNativeTarget "VideoBackgroundSample" */;
			buildPhases = (
				83286D941C7C12AB0083CB19 /* Sources */,
				83286D951C7C12AB0083CB19 /* Frameworks */,
				83286D961C7C12AB0083CB19 /* Resources */,
			);
			buildRules = (
			);
			dependencies = (
			);
			name = VideoBackgroundSample;
			productName = VideoBackgroundSample;
			productReference = 83286D981C7C12AB0083CB19 /* VideoBackgroundSample.app */;
			productType = "com.apple.product-type.application";
		};
		83286DAA1C7C12AB0083CB19 /* VideoBackgroundSampleTests */ = {
			isa = PBXNativeTarget;
			buildConfigurationList = 83286DB51C7C12AB0083CB19 /* Build configuration list for PBXNativeTarget "VideoBackgroundSampleTests" */;
			buildPhases = (
				83286DA71C7C12AB0083CB19 /* Sources */,
				83286DA81C7C12AB0083CB19 /* Frameworks */,
				83286DA91C7C12AB0083CB19 /* Resources */,
			);
			buildRules = (
			);
			dependencies = (
				83286DAD1C7C12AB0083CB19 /* PBXTargetDependency */,
			);
			name = VideoBackgroundSampleTests;
			productName = VideoBackgroundSampleTests;
			productReference = 83286DAB1C7C12AB0083CB19 /* VideoBackgroundSampleTests.xctest */;
			productType = "com.apple.product-type.bundle.unit-test";
		};
/* End PBXNativeTarget section */

/* Begin PBXProject section */
		83286D711C7C12670083CB19 /* Project object */ = {
			isa = PBXProject;
			attributes = {
				LastSwiftUpdateCheck = 0720;
				LastUpgradeCheck = 0720;
				ORGANIZATIONNAME = "Chris Jimenez";
				TargetAttributes = {
					83286D791C7C12670083CB19 = {
						CreatedOnToolsVersion = 7.2.1;
					};
					83286D831C7C12670083CB19 = {
						CreatedOnToolsVersion = 7.2.1;
					};
					83286D971C7C12AB0083CB19 = {
						CreatedOnToolsVersion = 7.2.1;
					};
					83286DAA1C7C12AB0083CB19 = {
						CreatedOnToolsVersion = 7.2.1;
						TestTargetID = 83286D971C7C12AB0083CB19;
					};
				};
			};
			buildConfigurationList = 83286D741C7C12670083CB19 /* Build configuration list for PBXProject "VideoBackgroundViewController" */;
			compatibilityVersion = "Xcode 3.2";
			developmentRegion = English;
			hasScannedForEncodings = 0;
			knownRegions = (
				en,
				Base,
			);
			mainGroup = 83286D701C7C12670083CB19;
			productRefGroup = 83286D7B1C7C12670083CB19 /* Products */;
			projectDirPath = "";
			projectRoot = "";
			targets = (
				83286D791C7C12670083CB19 /* VideoBackgroundViewController */,
				83286D831C7C12670083CB19 /* VideoBackgroundViewControllerTests */,
				83286D971C7C12AB0083CB19 /* VideoBackgroundSample */,
				83286DAA1C7C12AB0083CB19 /* VideoBackgroundSampleTests */,
			);
		};
/* End PBXProject section */

/* Begin PBXResourcesBuildPhase section */
		83286D781C7C12670083CB19 /* Resources */ = {
			isa = PBXResourcesBuildPhase;
			buildActionMask = 2147483647;
			files = (
			);
			runOnlyForDeploymentPostprocessing = 0;
		};
		83286D821C7C12670083CB19 /* Resources */ = {
			isa = PBXResourcesBuildPhase;
			buildActionMask = 2147483647;
			files = (
			);
			runOnlyForDeploymentPostprocessing = 0;
		};
		83286D961C7C12AB0083CB19 /* Resources */ = {
			isa = PBXResourcesBuildPhase;
			buildActionMask = 2147483647;
			files = (
				837B5EF81C7C2D4B007C81EE /* spotifyVideo.mp4 in Resources */,
				83286DA51C7C12AB0083CB19 /* LaunchScreen.storyboard in Resources */,
				83286DA21C7C12AB0083CB19 /* Assets.xcassets in Resources */,
				83286DA01C7C12AB0083CB19 /* Main.storyboard in Resources */,
			);
			runOnlyForDeploymentPostprocessing = 0;
		};
		83286DA91C7C12AB0083CB19 /* Resources */ = {
			isa = PBXResourcesBuildPhase;
			buildActionMask = 2147483647;
			files = (
			);
			runOnlyForDeploymentPostprocessing = 0;
		};
/* End PBXResourcesBuildPhase section */

/* Begin PBXShellScriptBuildPhase section */
		61C5A16371474C0E05B212F7 /* Check Pods Manifest.lock */ = {
			isa = PBXShellScriptBuildPhase;
			buildActionMask = 2147483647;
			files = (
			);
			inputPaths = (
			);
			name = "Check Pods Manifest.lock";
			outputPaths = (
			);
			runOnlyForDeploymentPostprocessing = 0;
			shellPath = /bin/sh;
			shellScript = "diff \"${PODS_ROOT}/../Podfile.lock\" \"${PODS_ROOT}/Manifest.lock\" > /dev/null\nif [[ $? != 0 ]] ; then\n    cat << EOM\nerror: The sandbox is not in sync with the Podfile.lock. Run 'pod install' or update your CocoaPods installation.\nEOM\n    exit 1\nfi\n";
			showEnvVarsInLog = 0;
		};
		D23DED96DF6CB793F6066123 /* Embed Pods Frameworks */ = {
			isa = PBXShellScriptBuildPhase;
			buildActionMask = 2147483647;
			files = (
			);
			inputPaths = (
			);
			name = "Embed Pods Frameworks";
			outputPaths = (
			);
			runOnlyForDeploymentPostprocessing = 0;
			shellPath = /bin/sh;
			shellScript = "\"${SRCROOT}/Pods/Target Support Files/Pods-VideoBackgroundViewControllerTests/Pods-VideoBackgroundViewControllerTests-frameworks.sh\"\n";
			showEnvVarsInLog = 0;
		};
		E9C65A1AC0206CC687EB82DC /* Copy Pods Resources */ = {
			isa = PBXShellScriptBuildPhase;
			buildActionMask = 2147483647;
			files = (
			);
			inputPaths = (
			);
			name = "Copy Pods Resources";
			outputPaths = (
			);
			runOnlyForDeploymentPostprocessing = 0;
			shellPath = /bin/sh;
			shellScript = "\"${SRCROOT}/Pods/Target Support Files/Pods-VideoBackgroundViewControllerTests/Pods-VideoBackgroundViewControllerTests-resources.sh\"\n";
			showEnvVarsInLog = 0;
		};
/* End PBXShellScriptBuildPhase section */

/* Begin PBXSourcesBuildPhase section */
		83286D751C7C12670083CB19 /* Sources */ = {
			isa = PBXSourcesBuildPhase;
			buildActionMask = 2147483647;
			files = (
				83286DB91C7C18610083CB19 /* VideoBackgroundViewController.swift in Sources */,
				83286DBB1C7C1C660083CB19 /* VideoScalingMode.swift in Sources */,
			);
			runOnlyForDeploymentPostprocessing = 0;
		};
		83286D801C7C12670083CB19 /* Sources */ = {
			isa = PBXSourcesBuildPhase;
			buildActionMask = 2147483647;
			files = (
				837B5EF61C7C20E7007C81EE /* VideoBackgroundControllerSpec.swift in Sources */,
			);
			runOnlyForDeploymentPostprocessing = 0;
		};
		83286D941C7C12AB0083CB19 /* Sources */ = {
			isa = PBXSourcesBuildPhase;
			buildActionMask = 2147483647;
			files = (
				83286D9D1C7C12AB0083CB19 /* ViewController.swift in Sources */,
				83286D9B1C7C12AB0083CB19 /* AppDelegate.swift in Sources */,
			);
			runOnlyForDeploymentPostprocessing = 0;
		};
		83286DA71C7C12AB0083CB19 /* Sources */ = {
			isa = PBXSourcesBuildPhase;
			buildActionMask = 2147483647;
			files = (
				83286DB01C7C12AB0083CB19 /* VideoBackgroundSampleTests.swift in Sources */,
			);
			runOnlyForDeploymentPostprocessing = 0;
		};
/* End PBXSourcesBuildPhase section */

/* Begin PBXTargetDependency section */
		83286D871C7C12670083CB19 /* PBXTargetDependency */ = {
			isa = PBXTargetDependency;
			target = 83286D791C7C12670083CB19 /* VideoBackgroundViewController */;
			targetProxy = 83286D861C7C12670083CB19 /* PBXContainerItemProxy */;
		};
		83286DAD1C7C12AB0083CB19 /* PBXTargetDependency */ = {
			isa = PBXTargetDependency;
			target = 83286D971C7C12AB0083CB19 /* VideoBackgroundSample */;
			targetProxy = 83286DAC1C7C12AB0083CB19 /* PBXContainerItemProxy */;
		};
/* End PBXTargetDependency section */

/* Begin PBXVariantGroup section */
		83286D9E1C7C12AB0083CB19 /* Main.storyboard */ = {
			isa = PBXVariantGroup;
			children = (
				83286D9F1C7C12AB0083CB19 /* Base */,
			);
			name = Main.storyboard;
			sourceTree = "<group>";
		};
		83286DA31C7C12AB0083CB19 /* LaunchScreen.storyboard */ = {
			isa = PBXVariantGroup;
			children = (
				83286DA41C7C12AB0083CB19 /* Base */,
			);
			name = LaunchScreen.storyboard;
			sourceTree = "<group>";
		};
/* End PBXVariantGroup section */

/* Begin XCBuildConfiguration section */
		83286D8C1C7C12670083CB19 /* Debug */ = {
			isa = XCBuildConfiguration;
			buildSettings = {
				ALWAYS_SEARCH_USER_PATHS = NO;
				CLANG_CXX_LANGUAGE_STANDARD = "gnu++0x";
				CLANG_CXX_LIBRARY = "libc++";
				CLANG_ENABLE_MODULES = YES;
				CLANG_ENABLE_OBJC_ARC = YES;
				CLANG_WARN_BOOL_CONVERSION = YES;
				CLANG_WARN_CONSTANT_CONVERSION = YES;
				CLANG_WARN_DIRECT_OBJC_ISA_USAGE = YES_ERROR;
				CLANG_WARN_EMPTY_BODY = YES;
				CLANG_WARN_ENUM_CONVERSION = YES;
				CLANG_WARN_INT_CONVERSION = YES;
				CLANG_WARN_OBJC_ROOT_CLASS = YES_ERROR;
				CLANG_WARN_UNREACHABLE_CODE = YES;
				CLANG_WARN__DUPLICATE_METHOD_MATCH = YES;
				"CODE_SIGN_IDENTITY[sdk=iphoneos*]" = "iPhone Developer";
				COPY_PHASE_STRIP = NO;
				CURRENT_PROJECT_VERSION = 1;
				DEBUG_INFORMATION_FORMAT = dwarf;
				ENABLE_STRICT_OBJC_MSGSEND = YES;
				ENABLE_TESTABILITY = YES;
				GCC_C_LANGUAGE_STANDARD = gnu99;
				GCC_DYNAMIC_NO_PIC = NO;
				GCC_NO_COMMON_BLOCKS = YES;
				GCC_OPTIMIZATION_LEVEL = 0;
				GCC_PREPROCESSOR_DEFINITIONS = (
					"DEBUG=1",
					"$(inherited)",
				);
				GCC_WARN_64_TO_32_BIT_CONVERSION = YES;
				GCC_WARN_ABOUT_RETURN_TYPE = YES_ERROR;
				GCC_WARN_UNDECLARED_SELECTOR = YES;
				GCC_WARN_UNINITIALIZED_AUTOS = YES_AGGRESSIVE;
				GCC_WARN_UNUSED_FUNCTION = YES;
				GCC_WARN_UNUSED_VARIABLE = YES;
				IPHONEOS_DEPLOYMENT_TARGET = 8.0;
				MTL_ENABLE_DEBUG_INFO = YES;
				ONLY_ACTIVE_ARCH = YES;
				SDKROOT = iphoneos;
				SWIFT_OPTIMIZATION_LEVEL = "-Onone";
				TARGETED_DEVICE_FAMILY = "1,2";
				VERSIONING_SYSTEM = "apple-generic";
				VERSION_INFO_PREFIX = "";
			};
			name = Debug;
		};
		83286D8D1C7C12670083CB19 /* Release */ = {
			isa = XCBuildConfiguration;
			buildSettings = {
				ALWAYS_SEARCH_USER_PATHS = NO;
				CLANG_CXX_LANGUAGE_STANDARD = "gnu++0x";
				CLANG_CXX_LIBRARY = "libc++";
				CLANG_ENABLE_MODULES = YES;
				CLANG_ENABLE_OBJC_ARC = YES;
				CLANG_WARN_BOOL_CONVERSION = YES;
				CLANG_WARN_CONSTANT_CONVERSION = YES;
				CLANG_WARN_DIRECT_OBJC_ISA_USAGE = YES_ERROR;
				CLANG_WARN_EMPTY_BODY = YES;
				CLANG_WARN_ENUM_CONVERSION = YES;
				CLANG_WARN_INT_CONVERSION = YES;
				CLANG_WARN_OBJC_ROOT_CLASS = YES_ERROR;
				CLANG_WARN_UNREACHABLE_CODE = YES;
				CLANG_WARN__DUPLICATE_METHOD_MATCH = YES;
				"CODE_SIGN_IDENTITY[sdk=iphoneos*]" = "iPhone Developer";
				COPY_PHASE_STRIP = NO;
				CURRENT_PROJECT_VERSION = 1;
				DEBUG_INFORMATION_FORMAT = "dwarf-with-dsym";
				ENABLE_NS_ASSERTIONS = NO;
				ENABLE_STRICT_OBJC_MSGSEND = YES;
				GCC_C_LANGUAGE_STANDARD = gnu99;
				GCC_NO_COMMON_BLOCKS = YES;
				GCC_WARN_64_TO_32_BIT_CONVERSION = YES;
				GCC_WARN_ABOUT_RETURN_TYPE = YES_ERROR;
				GCC_WARN_UNDECLARED_SELECTOR = YES;
				GCC_WARN_UNINITIALIZED_AUTOS = YES_AGGRESSIVE;
				GCC_WARN_UNUSED_FUNCTION = YES;
				GCC_WARN_UNUSED_VARIABLE = YES;
				IPHONEOS_DEPLOYMENT_TARGET = 8.0;
				MTL_ENABLE_DEBUG_INFO = NO;
				SDKROOT = iphoneos;
				TARGETED_DEVICE_FAMILY = "1,2";
				VALIDATE_PRODUCT = YES;
				VERSIONING_SYSTEM = "apple-generic";
				VERSION_INFO_PREFIX = "";
			};
			name = Release;
		};
		83286D8F1C7C12670083CB19 /* Debug */ = {
			isa = XCBuildConfiguration;
			buildSettings = {
				CLANG_ENABLE_MODULES = YES;
				DEFINES_MODULE = YES;
				DYLIB_COMPATIBILITY_VERSION = 1;
				DYLIB_CURRENT_VERSION = 1;
				DYLIB_INSTALL_NAME_BASE = "@rpath";
				INFOPLIST_FILE = VideoBackgroundViewController/Info.plist;
				INSTALL_PATH = "$(LOCAL_LIBRARY_DIR)/Frameworks";
				LD_RUNPATH_SEARCH_PATHS = "$(inherited) @executable_path/Frameworks @loader_path/Frameworks";
				PRODUCT_BUNDLE_IDENTIFIER = com.greenpixels.VideoBackgroundViewController;
				PRODUCT_NAME = "$(TARGET_NAME)";
				SKIP_INSTALL = YES;
				SWIFT_OPTIMIZATION_LEVEL = "-Onone";
			};
			name = Debug;
		};
		83286D901C7C12670083CB19 /* Release */ = {
			isa = XCBuildConfiguration;
			buildSettings = {
				CLANG_ENABLE_MODULES = YES;
				DEFINES_MODULE = YES;
				DYLIB_COMPATIBILITY_VERSION = 1;
				DYLIB_CURRENT_VERSION = 1;
				DYLIB_INSTALL_NAME_BASE = "@rpath";
				INFOPLIST_FILE = VideoBackgroundViewController/Info.plist;
				INSTALL_PATH = "$(LOCAL_LIBRARY_DIR)/Frameworks";
				LD_RUNPATH_SEARCH_PATHS = "$(inherited) @executable_path/Frameworks @loader_path/Frameworks";
				PRODUCT_BUNDLE_IDENTIFIER = com.greenpixels.VideoBackgroundViewController;
				PRODUCT_NAME = "$(TARGET_NAME)";
				SKIP_INSTALL = YES;
			};
			name = Release;
		};
		83286D921C7C12670083CB19 /* Debug */ = {
			isa = XCBuildConfiguration;
			baseConfigurationReference = 09DDEEC7393C9741D7688C82 /* Pods-VideoBackgroundViewControllerTests.debug.xcconfig */;
			buildSettings = {
				CLANG_ENABLE_MODULES = YES;
				INFOPLIST_FILE = VideoBackgroundViewControllerTests/Info.plist;
				LD_RUNPATH_SEARCH_PATHS = "$(inherited) @executable_path/Frameworks @loader_path/Frameworks";
				PRODUCT_BUNDLE_IDENTIFIER = com.greenpixels.VideoBackgroundViewControllerTests;
				PRODUCT_NAME = "$(TARGET_NAME)";
				SWIFT_OPTIMIZATION_LEVEL = "-Onone";
			};
			name = Debug;
		};
		83286D931C7C12670083CB19 /* Release */ = {
			isa = XCBuildConfiguration;
			baseConfigurationReference = BADF30561D5765479F117D06 /* Pods-VideoBackgroundViewControllerTests.release.xcconfig */;
			buildSettings = {
				CLANG_ENABLE_MODULES = YES;
				INFOPLIST_FILE = VideoBackgroundViewControllerTests/Info.plist;
				LD_RUNPATH_SEARCH_PATHS = "$(inherited) @executable_path/Frameworks @loader_path/Frameworks";
				PRODUCT_BUNDLE_IDENTIFIER = com.greenpixels.VideoBackgroundViewControllerTests;
				PRODUCT_NAME = "$(TARGET_NAME)";
			};
			name = Release;
		};
		83286DB31C7C12AB0083CB19 /* Debug */ = {
			isa = XCBuildConfiguration;
			buildSettings = {
				ASSETCATALOG_COMPILER_APPICON_NAME = AppIcon;
				ENABLE_BITCODE = YES;
				INFOPLIST_FILE = VideoBackgroundSample/Info.plist;
				IPHONEOS_DEPLOYMENT_TARGET = 9.2;
				LD_RUNPATH_SEARCH_PATHS = "$(inherited) @executable_path/Frameworks";
				PRODUCT_BUNDLE_IDENTIFIER = com.greenpixels.VideoBackgroundSample;
				PRODUCT_NAME = "$(TARGET_NAME)";
			};
			name = Debug;
		};
		83286DB41C7C12AB0083CB19 /* Release */ = {
			isa = XCBuildConfiguration;
			buildSettings = {
				ASSETCATALOG_COMPILER_APPICON_NAME = AppIcon;
				ENABLE_BITCODE = YES;
				INFOPLIST_FILE = VideoBackgroundSample/Info.plist;
				IPHONEOS_DEPLOYMENT_TARGET = 9.2;
				LD_RUNPATH_SEARCH_PATHS = "$(inherited) @executable_path/Frameworks";
				PRODUCT_BUNDLE_IDENTIFIER = com.greenpixels.VideoBackgroundSample;
				PRODUCT_NAME = "$(TARGET_NAME)";
			};
			name = Release;
		};
		83286DB61C7C12AB0083CB19 /* Debug */ = {
			isa = XCBuildConfiguration;
			buildSettings = {
				BUNDLE_LOADER = "$(TEST_HOST)";
				INFOPLIST_FILE = VideoBackgroundSampleTests/Info.plist;
				LD_RUNPATH_SEARCH_PATHS = "$(inherited) @executable_path/Frameworks @loader_path/Frameworks";
				PRODUCT_BUNDLE_IDENTIFIER = com.greenpixels.VideoBackgroundSampleTests;
				PRODUCT_NAME = "$(TARGET_NAME)";
				TEST_HOST = "$(BUILT_PRODUCTS_DIR)/VideoBackgroundSample.app/VideoBackgroundSample";
			};
			name = Debug;
		};
		83286DB71C7C12AB0083CB19 /* Release */ = {
			isa = XCBuildConfiguration;
			buildSettings = {
				BUNDLE_LOADER = "$(TEST_HOST)";
				INFOPLIST_FILE = VideoBackgroundSampleTests/Info.plist;
				LD_RUNPATH_SEARCH_PATHS = "$(inherited) @executable_path/Frameworks @loader_path/Frameworks";
				PRODUCT_BUNDLE_IDENTIFIER = com.greenpixels.VideoBackgroundSampleTests;
				PRODUCT_NAME = "$(TARGET_NAME)";
				TEST_HOST = "$(BUILT_PRODUCTS_DIR)/VideoBackgroundSample.app/VideoBackgroundSample";
			};
			name = Release;
		};
/* End XCBuildConfiguration section */

/* Begin XCConfigurationList section */
		83286D741C7C12670083CB19 /* Build configuration list for PBXProject "VideoBackgroundViewController" */ = {
			isa = XCConfigurationList;
			buildConfigurations = (
				83286D8C1C7C12670083CB19 /* Debug */,
				83286D8D1C7C12670083CB19 /* Release */,
			);
			defaultConfigurationIsVisible = 0;
			defaultConfigurationName = Release;
		};
		83286D8E1C7C12670083CB19 /* Build configuration list for PBXNativeTarget "VideoBackgroundViewController" */ = {
			isa = XCConfigurationList;
			buildConfigurations = (
				83286D8F1C7C12670083CB19 /* Debug */,
				83286D901C7C12670083CB19 /* Release */,
			);
			defaultConfigurationIsVisible = 0;
			defaultConfigurationName = Release;
		};
		83286D911C7C12670083CB19 /* Build configuration list for PBXNativeTarget "VideoBackgroundViewControllerTests" */ = {
			isa = XCConfigurationList;
			buildConfigurations = (
				83286D921C7C12670083CB19 /* Debug */,
				83286D931C7C12670083CB19 /* Release */,
			);
			defaultConfigurationIsVisible = 0;
			defaultConfigurationName = Release;
		};
		83286DB21C7C12AB0083CB19 /* Build configuration list for PBXNativeTarget "VideoBackgroundSample" */ = {
			isa = XCConfigurationList;
			buildConfigurations = (
				83286DB31C7C12AB0083CB19 /* Debug */,
				83286DB41C7C12AB0083CB19 /* Release */,
			);
			defaultConfigurationIsVisible = 0;
			defaultConfigurationName = Release;
		};
		83286DB51C7C12AB0083CB19 /* Build configuration list for PBXNativeTarget "VideoBackgroundSampleTests" */ = {
			isa = XCConfigurationList;
			buildConfigurations = (
				83286DB61C7C12AB0083CB19 /* Debug */,
				83286DB71C7C12AB0083CB19 /* Release */,
			);
			defaultConfigurationIsVisible = 0;
			defaultConfigurationName = Release;
		};
/* End XCConfigurationList section */
	};
	rootObject = 83286D711C7C12670083CB19 /* Project object */;
}
